
Microsoft Visual Studio Solution File, Format Version 12.00
# Visual Studio Version 16
VisualStudioVersion = 16.0.31025.194
MinimumVisualStudioVersion = 10.0.40219.1
Project("{9A19103F-16F7-4668-BE54-9A1E7A4F7556}") = "swagger2js_cli", "swagger2js_cli.csproj", "{38BF3729-73CF-4F75-9B5F-EF72B1C950B6}"
EndProject
Global
	GlobalSection(SolutionConfigurationPlatforms) = preSolution
		Debug|Any CPU = Debug|Any CPU
		Release|Any CPU = Release|Any CPU
	EndGlobalSection
	GlobalSection(ProjectConfigurationPlatforms) = postSolution
		{38BF3729-73CF-4F75-9B5F-EF72B1C950B6}.Debug|Any CPU.ActiveCfg = Debug|Any CPU
		{38BF3729-73CF-4F75-9B5F-EF72B1C950B6}.Debug|Any CPU.Build.0 = Debug|Any CPU
		{38BF3729-73CF-4F75-9B5F-EF72B1C950B6}.Release|Any CPU.ActiveCfg = Release|Any CPU
		{38BF3729-73CF-4F75-9B5F-EF72B1C950B6}.Release|Any CPU.Build.0 = Release|Any CPU
	EndGlobalSection
	GlobalSection(SolutionProperties) = preSolution
		HideSolutionNode = FALSE
	EndGlobalSection
	GlobalSection(ExtensibilityGlobals) = postSolution
		SolutionGuid = {6BE03191-7D35-43B5-8835-AF73ADD15C85}
	EndGlobalSection
EndGlobal
